// !$*UTF8*$!
{
	archiveVersion = 1;
	classes = {
	};
	objectVersion = 46;
	objects = {

/* Begin PBXBuildFile section */
		E530F3CE1A63CC8F00D04103 /* Default-568h@2x.png in Resources */ = {isa = PBXBuildFile; fileRef = E530F3CD1A63CC8F00D04103 /* Default-568h@2x.png */; };
		E54171CB1A0C98DD0034DC04 /* DBBoardView.m in Sources */ = {isa = PBXBuildFile; fileRef = E54171CA1A0C98DD0034DC04 /* DBBoardView.m */; };
		E54171CF1A0CA5810034DC04 /* DBToolBarView.m in Sources */ = {isa = PBXBuildFile; fileRef = E54171CE1A0CA5810034DC04 /* DBToolBarView.m */; };
		E54171D31A0CB4930034DC04 /* DBWidthSlider.m in Sources */ = {isa = PBXBuildFile; fileRef = E54171D21A0CB4930034DC04 /* DBWidthSlider.m */; };
		E54171D71A0CB80D0034DC04 /* DBColorPickerVC.m in Sources */ = {isa = PBXBuildFile; fileRef = E54171D61A0CB80D0034DC04 /* DBColorPickerVC.m */; };
		E5CE60141A0C742D006413E6 /* main.m in Sources */ = {isa = PBXBuildFile; fileRef = E5CE60131A0C742D006413E6 /* main.m */; };
		E5CE60171A0C742D006413E6 /* AppDelegate.m in Sources */ = {isa = PBXBuildFile; fileRef = E5CE60161A0C742D006413E6 /* AppDelegate.m */; };
		E5CE601A1A0C742D006413E6 /* ViewController.m in Sources */ = {isa = PBXBuildFile; fileRef = E5CE60191A0C742D006413E6 /* ViewController.m */; };
		E5CE601F1A0C742D006413E6 /* Images.xcassets in Resources */ = {isa = PBXBuildFile; fileRef = E5CE601E1A0C742D006413E6 /* Images.xcassets */; };
		E5CE602E1A0C742D006413E6 /* DrawingBoardTests.m in Sources */ = {isa = PBXBuildFile; fileRef = E5CE602D1A0C742D006413E6 /* DrawingBoardTests.m */; };
/* End PBXBuildFile section */

/* Begin PBXContainerItemProxy section */
		E5CE60281A0C742D006413E6 /* PBXContainerItemProxy */ = {
			isa = PBXContainerItemProxy;
			containerPortal = E5CE60061A0C742D006413E6 /* Project object */;
			proxyType = 1;
			remoteGlobalIDString = E5CE600D1A0C742D006413E6;
			remoteInfo = DrawingBoard;
		};
/* End PBXContainerItemProxy section */

/* Begin PBXFileReference section */
		E530F3CD1A63CC8F00D04103 /* Default-568h@2x.png */ = {isa = PBXFileReference; lastKnownFileType = image.png; path = "Default-568h@2x.png"; sourceTree = "<group>"; };
		E54171C91A0C98DD0034DC04 /* DBBoardView.h */ = {isa = PBXFileReference; fileEncoding = 4; lastKnownFileType = sourcecode.c.h; name = DBBoardView.h; path = Classes/View/Board/DBBoardView.h; sourceTree = "<group>"; };
		E54171CA1A0C98DD0034DC04 /* DBBoardView.m */ = {isa = PBXFileReference; fileEncoding = 4; lastKnownFileType = sourcecode.c.objc; name = DBBoardView.m; path = Classes/View/Board/DBBoardView.m; sourceTree = "<group>"; };
		E54171CD1A0CA5810034DC04 /* DBToolBarView.h */ = {isa = PBXFileReference; fileEncoding = 4; lastKnownFileType = sourcecode.c.h; name = DBToolBarView.h; path = Classes/View/ToolBar/DBToolBarView.h; sourceTree = "<group>"; };
		E54171CE1A0CA5810034DC04 /* DBToolBarView.m */ = {isa = PBXFileReference; fileEncoding = 4; lastKnownFileType = sourcecode.c.objc; name = DBToolBarView.m; path = Classes/View/ToolBar/DBToolBarView.m; sourceTree = "<group>"; };
		E54171D11A0CB4930034DC04 /* DBWidthSlider.h */ = {isa = PBXFileReference; fileEncoding = 4; lastKnownFileType = sourcecode.c.h; name = DBWidthSlider.h; path = Classes/View/WidthSlider/DBWidthSlider.h; sourceTree = "<group>"; };
		E54171D21A0CB4930034DC04 /* DBWidthSlider.m */ = {isa = PBXFileReference; fileEncoding = 4; lastKnownFileType = sourcecode.c.objc; name = DBWidthSlider.m; path = Classes/View/WidthSlider/DBWidthSlider.m; sourceTree = "<group>"; };
		E54171D51A0CB80D0034DC04 /* DBColorPickerVC.h */ = {isa = PBXFileReference; fileEncoding = 4; lastKnownFileType = sourcecode.c.h; name = DBColorPickerVC.h; path = Classes/Controller/ColorPicker/DBColorPickerVC.h; sourceTree = "<group>"; };
		E54171D61A0CB80D0034DC04 /* DBColorPickerVC.m */ = {isa = PBXFileReference; fileEncoding = 4; lastKnownFileType = sourcecode.c.objc; name = DBColorPickerVC.m; path = Classes/Controller/ColorPicker/DBColorPickerVC.m; sourceTree = "<group>"; };
		E5CE600E1A0C742D006413E6 /* DrawingBoard.app */ = {isa = PBXFileReference; explicitFileType = wrapper.application; includeInIndex = 0; path = DrawingBoard.app; sourceTree = BUILT_PRODUCTS_DIR; };
		E5CE60121A0C742D006413E6 /* Info.plist */ = {isa = PBXFileReference; lastKnownFileType = text.plist.xml; path = Info.plist; sourceTree = "<group>"; };
		E5CE60131A0C742D006413E6 /* main.m */ = {isa = PBXFileReference; lastKnownFileType = sourcecode.c.objc; path = main.m; sourceTree = "<group>"; };
		E5CE60151A0C742D006413E6 /* AppDelegate.h */ = {isa = PBXFileReference; lastKnownFileType = sourcecode.c.h; path = AppDelegate.h; sourceTree = "<group>"; };
		E5CE60161A0C742D006413E6 /* AppDelegate.m */ = {isa = PBXFileReference; lastKnownFileType = sourcecode.c.objc; path = AppDelegate.m; sourceTree = "<group>"; };
		E5CE60181A0C742D006413E6 /* ViewController.h */ = {isa = PBXFileReference; lastKnownFileType = sourcecode.c.h; path = ViewController.h; sourceTree = "<group>"; };
		E5CE60191A0C742D006413E6 /* ViewController.m */ = {isa = PBXFileReference; lastKnownFileType = sourcecode.c.objc; path = ViewController.m; sourceTree = "<group>"; };
		E5CE601E1A0C742D006413E6 /* Images.xcassets */ = {isa = PBXFileReference; lastKnownFileType = folder.assetcatalog; path = Images.xcassets; sourceTree = "<group>"; };
		E5CE60271A0C742D006413E6 /* DrawingBoardTests.xctest */ = {isa = PBXFileReference; explicitFileType = wrapper.cfbundle; includeInIndex = 0; path = DrawingBoardTests.xctest; sourceTree = BUILT_PRODUCTS_DIR; };
		E5CE602C1A0C742D006413E6 /* Info.plist */ = {isa = PBXFileReference; lastKnownFileType = text.plist.xml; path = Info.plist; sourceTree = "<group>"; };
		E5CE602D1A0C742D006413E6 /* DrawingBoardTests.m */ = {isa = PBXFileReference; lastKnownFileType = sourcecode.c.objc; path = DrawingBoardTests.m; sourceTree = "<group>"; };
/* End PBXFileReference section */

/* Begin PBXFrameworksBuildPhase section */
		E5CE600B1A0C742D006413E6 /* Frameworks */ = {
			isa = PBXFrameworksBuildPhase;
			buildActionMask = 2147483647;
			files = (
			);
			runOnlyForDeploymentPostprocessing = 0;
		};
		E5CE60241A0C742D006413E6 /* Frameworks */ = {
			isa = PBXFrameworksBuildPhase;
			buildActionMask = 2147483647;
			files = (
			);
			runOnlyForDeploymentPostprocessing = 0;
		};
/* End PBXFrameworksBuildPhase section */

/* Begin PBXGroup section */
		E530F3CF1A63D06700D04103 /* Resources */ = {
			isa = PBXGroup;
			children = (
				E530F3CD1A63CC8F00D04103 /* Default-568h@2x.png */,
			);
			path = Resources;
			sourceTree = "<group>";
		};
		E54171C61A0C989D0034DC04 /* Classes */ = {
			isa = PBXGroup;
			children = (
				E54171D41A0CB7E30034DC04 /* Controller */,
				E54171C71A0C98A60034DC04 /* View */,
			);
			name = Classes;
			sourceTree = "<group>";
		};
		E54171C71A0C98A60034DC04 /* View */ = {
			isa = PBXGroup;
			children = (
				E54171D01A0CB4700034DC04 /* WidthSlider */,
				E54171CC1A0CA53A0034DC04 /* ToolBar */,
				E54171C81A0C98AA0034DC04 /* Board */,
			);
			name = View;
			sourceTree = "<group>";
		};
		E54171C81A0C98AA0034DC04 /* Board */ = {
			isa = PBXGroup;
			children = (
				E54171C91A0C98DD0034DC04 /* DBBoardView.h */,
				E54171CA1A0C98DD0034DC04 /* DBBoardView.m */,
			);
			name = Board;
			sourceTree = "<group>";
		};
		E54171CC1A0CA53A0034DC04 /* ToolBar */ = {
			isa = PBXGroup;
			children = (
				E54171CD1A0CA5810034DC04 /* DBToolBarView.h */,
				E54171CE1A0CA5810034DC04 /* DBToolBarView.m */,
			);
			name = ToolBar;
			sourceTree = "<group>";
		};
		E54171D01A0CB4700034DC04 /* WidthSlider */ = {
			isa = PBXGroup;
			children = (
				E54171D11A0CB4930034DC04 /* DBWidthSlider.h */,
				E54171D21A0CB4930034DC04 /* DBWidthSlider.m */,
			);
			name = WidthSlider;
			sourceTree = "<group>";
		};
		E54171D41A0CB7E30034DC04 /* Controller */ = {
			isa = PBXGroup;
			children = (
				E54171D91A0CB84F0034DC04 /* ColorPicker */,
			);
			name = Controller;
			sourceTree = "<group>";
		};
		E54171D91A0CB84F0034DC04 /* ColorPicker */ = {
			isa = PBXGroup;
			children = (
				E54171D51A0CB80D0034DC04 /* DBColorPickerVC.h */,
				E54171D61A0CB80D0034DC04 /* DBColorPickerVC.m */,
			);
			name = ColorPicker;
			sourceTree = "<group>";
		};
		E5CE60051A0C742D006413E6 = {
			isa = PBXGroup;
			children = (
				E5CE60101A0C742D006413E6 /* DrawingBoard */,
				E5CE602A1A0C742D006413E6 /* DrawingBoardTests */,
				E5CE600F1A0C742D006413E6 /* Products */,
			);
			sourceTree = "<group>";
		};
		E5CE600F1A0C742D006413E6 /* Products */ = {
			isa = PBXGroup;
			children = (
				E5CE600E1A0C742D006413E6 /* DrawingBoard.app */,
				E5CE60271A0C742D006413E6 /* DrawingBoardTests.xctest */,
			);
			name = Products;
			sourceTree = "<group>";
		};
		E5CE60101A0C742D006413E6 /* DrawingBoard */ = {
			isa = PBXGroup;
			children = (
				E530F3CF1A63D06700D04103 /* Resources */,
				E54171C61A0C989D0034DC04 /* Classes */,
				E5CE60151A0C742D006413E6 /* AppDelegate.h */,
				E5CE60161A0C742D006413E6 /* AppDelegate.m */,
				E5CE60181A0C742D006413E6 /* ViewController.h */,
				E5CE60191A0C742D006413E6 /* ViewController.m */,
				E5CE601E1A0C742D006413E6 /* Images.xcassets */,
				E5CE60111A0C742D006413E6 /* Supporting Files */,
			);
			path = DrawingBoard;
			sourceTree = "<group>";
		};
		E5CE60111A0C742D006413E6 /* Supporting Files */ = {
			isa = PBXGroup;
			children = (
				E5CE60121A0C742D006413E6 /* Info.plist */,
				E5CE60131A0C742D006413E6 /* main.m */,
			);
			name = "Supporting Files";
			sourceTree = "<group>";
		};
		E5CE602A1A0C742D006413E6 /* DrawingBoardTests */ = {
			isa = PBXGroup;
			children = (
				E5CE602D1A0C742D006413E6 /* DrawingBoardTests.m */,
				E5CE602B1A0C742D006413E6 /* Supporting Files */,
			);
			path = DrawingBoardTests;
			sourceTree = "<group>";
		};
		E5CE602B1A0C742D006413E6 /* Supporting Files */ = {
			isa = PBXGroup;
			children = (
				E5CE602C1A0C742D006413E6 /* Info.plist */,
			);
			name = "Supporting Files";
			sourceTree = "<group>";
		};
/* End PBXGroup section */

/* Begin PBXNativeTarget section */
		E5CE600D1A0C742D006413E6 /* DrawingBoard */ = {
			isa = PBXNativeTarget;
			buildConfigurationList = E5CE60311A0C742D006413E6 /* Build configuration list for PBXNativeTarget "DrawingBoard" */;
			buildPhases = (
				E5CE600A1A0C742D006413E6 /* Sources */,
				E5CE600B1A0C742D006413E6 /* Frameworks */,
				E5CE600C1A0C742D006413E6 /* Resources */,
			);
			buildRules = (
			);
			dependencies = (
			);
			name = DrawingBoard;
			productName = DrawingBoard;
			productReference = E5CE600E1A0C742D006413E6 /* DrawingBoard.app */;
			productType = "com.apple.product-type.application";
		};
		E5CE60261A0C742D006413E6 /* DrawingBoardTests */ = {
			isa = PBXNativeTarget;
			buildConfigurationList = E5CE60341A0C742D006413E6 /* Build configuration list for PBXNativeTarget "DrawingBoardTests" */;
			buildPhases = (
				E5CE60231A0C742D006413E6 /* Sources */,
				E5CE60241A0C742D006413E6 /* Frameworks */,
				E5CE60251A0C742D006413E6 /* Resources */,
			);
			buildRules = (
			);
			dependencies = (
				E5CE60291A0C742D006413E6 /* PBXTargetDependency */,
			);
			name = DrawingBoardTests;
			productName = DrawingBoardTests;
			productReference = E5CE60271A0C742D006413E6 /* DrawingBoardTests.xctest */;
			productType = "com.apple.product-type.bundle.unit-test";
		};
/* End PBXNativeTarget section */

/* Begin PBXProject section */
		E5CE60061A0C742D006413E6 /* Project object */ = {
			isa = PBXProject;
			attributes = {
				LastUpgradeCheck = 0600;
				ORGANIZATIONNAME = "Sergei Smagleev";
				TargetAttributes = {
					E5CE600D1A0C742D006413E6 = {
						CreatedOnToolsVersion = 6.0.1;
					};
					E5CE60261A0C742D006413E6 = {
						CreatedOnToolsVersion = 6.0.1;
						TestTargetID = E5CE600D1A0C742D006413E6;
					};
				};
			};
			buildConfigurationList = E5CE60091A0C742D006413E6 /* Build configuration list for PBXProject "DrawingBoard" */;
			compatibilityVersion = "Xcode 3.2";
			developmentRegion = English;
			hasScannedForEncodings = 0;
			knownRegions = (
				en,
				Base,
			);
			mainGroup = E5CE60051A0C742D006413E6;
			productRefGroup = E5CE600F1A0C742D006413E6 /* Products */;
			projectDirPath = "";
			projectRoot = "";
			targets = (
				E5CE600D1A0C742D006413E6 /* DrawingBoard */,
				E5CE60261A0C742D006413E6 /* DrawingBoardTests */,
			);
		};
/* End PBXProject section */

/* Begin PBXResourcesBuildPhase section */
		E5CE600C1A0C742D006413E6 /* Resources */ = {
			isa = PBXResourcesBuildPhase;
			buildActionMask = 2147483647;
			files = (
				E5CE601F1A0C742D006413E6 /* Images.xcassets in Resources */,
				E530F3CE1A63CC8F00D04103 /* Default-568h@2x.png in Resources */,
			);
			runOnlyForDeploymentPostprocessing = 0;
		};
		E5CE60251A0C742D006413E6 /* Resources */ = {
			isa = PBXResourcesBuildPhase;
			buildActionMask = 2147483647;
			files = (
			);
			runOnlyForDeploymentPostprocessing = 0;
		};
/* End PBXResourcesBuildPhase section */

/* Begin PBXSourcesBuildPhase section */
		E5CE600A1A0C742D006413E6 /* Sources */ = {
			isa = PBXSourcesBuildPhase;
			buildActionMask = 2147483647;
			files = (
				E5CE601A1A0C742D006413E6 /* ViewController.m in Sources */,
				E54171CB1A0C98DD0034DC04 /* DBBoardView.m in Sources */,
				E54171D71A0CB80D0034DC04 /* DBColorPickerVC.m in Sources */,
				E5CE60171A0C742D006413E6 /* AppDelegate.m in Sources */,
				E54171D31A0CB4930034DC04 /* DBWidthSlider.m in Sources */,
				E54171CF1A0CA5810034DC04 /* DBToolBarView.m in Sources */,
				E5CE60141A0C742D006413E6 /* main.m in Sources */,
			);
			runOnlyForDeploymentPostprocessing = 0;
		};
		E5CE60231A0C742D006413E6 /* Sources */ = {
			isa = PBXSourcesBuildPhase;
			buildActionMask = 2147483647;
			files = (
				E5CE602E1A0C742D006413E6 /* DrawingBoardTests.m in Sources */,
			);
			runOnlyForDeploymentPostprocessing = 0;
		};
/* End PBXSourcesBuildPhase section */

/* Begin PBXTargetDependency section */
		E5CE60291A0C742D006413E6 /* PBXTargetDependency */ = {
			isa = PBXTargetDependency;
			target = E5CE600D1A0C742D006413E6 /* DrawingBoard */;
			targetProxy = E5CE60281A0C742D006413E6 /* PBXContainerItemProxy */;
		};
/* End PBXTargetDependency section */

/* Begin XCBuildConfiguration section */
		E5CE602F1A0C742D006413E6 /* Debug */ = {
			isa = XCBuildConfiguration;
			buildSettings = {
				ALWAYS_SEARCH_USER_PATHS = NO;
				CLANG_CXX_LANGUAGE_STANDARD = "gnu++0x";
				CLANG_CXX_LIBRARY = "libc++";
				CLANG_ENABLE_MODULES = YES;
				CLANG_ENABLE_OBJC_ARC = YES;
				CLANG_WARN_BOOL_CONVERSION = YES;
				CLANG_WARN_CONSTANT_CONVERSION = YES;
				CLANG_WARN_DIRECT_OBJC_ISA_USAGE = YES_ERROR;
				CLANG_WARN_EMPTY_BODY = YES;
				CLANG_WARN_ENUM_CONVERSION = YES;
				CLANG_WARN_INT_CONVERSION = YES;
				CLANG_WARN_OBJC_ROOT_CLASS = YES_ERROR;
				CLANG_WARN_UNREACHABLE_CODE = YES;
				CLANG_WARN__DUPLICATE_METHOD_MATCH = YES;
				"CODE_SIGN_IDENTITY[sdk=iphoneos*]" = "iPhone Developer";
				COPY_PHASE_STRIP = NO;
				ENABLE_STRICT_OBJC_MSGSEND = YES;
				GCC_C_LANGUAGE_STANDARD = gnu99;
				GCC_DYNAMIC_NO_PIC = NO;
				GCC_OPTIMIZATION_LEVEL = 0;
				GCC_PREPROCESSOR_DEFINITIONS = (
					"DEBUG=1",
					"$(inherited)",
				);
				GCC_SYMBOLS_PRIVATE_EXTERN = NO;
				GCC_WARN_64_TO_32_BIT_CONVERSION = YES;
				GCC_WARN_ABOUT_RETURN_TYPE = YES_ERROR;
				GCC_WARN_UNDECLARED_SELECTOR = YES;
				GCC_WARN_UNINITIALIZED_AUTOS = YES_AGGRESSIVE;
				GCC_WARN_UNUSED_FUNCTION = YES;
				GCC_WARN_UNUSED_VARIABLE = YES;
				IPHONEOS_DEPLOYMENT_TARGET = 8.0;
				MTL_ENABLE_DEBUG_INFO = YES;
				ONLY_ACTIVE_ARCH = YES;
				SDKROOT = iphoneos;
			};
			name = Debug;
		};
		E5CE60301A0C742D006413E6 /* Release */ = {
			isa = XCBuildConfiguration;
			buildSettings = {
				ALWAYS_SEARCH_USER_PATHS = NO;
				CLANG_CXX_LANGUAGE_STANDARD = "gnu++0x";
				CLANG_CXX_LIBRARY = "libc++";
				CLANG_ENABLE_MODULES = YES;
				CLANG_ENABLE_OBJC_ARC = YES;
				CLANG_WARN_BOOL_CONVERSION = YES;
				CLANG_WARN_CONSTANT_CONVERSION = YES;
				CLANG_WARN_DIRECT_OBJC_ISA_USAGE = YES_ERROR;
				CLANG_WARN_EMPTY_BODY = YES;
				CLANG_WARN_ENUM_CONVERSION = YES;
				CLANG_WARN_INT_CONVERSION = YES;
				CLANG_WARN_OBJC_ROOT_CLASS = YES_ERROR;
				CLANG_WARN_UNREACHABLE_CODE = YES;
				CLANG_WARN__DUPLICATE_METHOD_MATCH = YES;
				"CODE_SIGN_IDENTITY[sdk=iphoneos*]" = "iPhone Developer";
				COPY_PHASE_STRIP = YES;
				ENABLE_NS_ASSERTIONS = NO;
				ENABLE_STRICT_OBJC_MSGSEND = YES;
				GCC_C_LANGUAGE_STANDARD = gnu99;
				GCC_WARN_64_TO_32_BIT_CONVERSION = YES;
				GCC_WARN_ABOUT_RETURN_TYPE = YES_ERROR;
				GCC_WARN_UNDECLARED_SELECTOR = YES;
				GCC_WARN_UNINITIALIZED_AUTOS = YES_AGGRESSIVE;
				GCC_WARN_UNUSED_FUNCTION = YES;
				GCC_WARN_UNUSED_VARIABLE = YES;
				IPHONEOS_DEPLOYMENT_TARGET = 8.0;
				MTL_ENABLE_DEBUG_INFO = NO;
				SDKROOT = iphoneos;
				VALIDATE_PRODUCT = YES;
			};
			name = Release;
		};
		E5CE60321A0C742D006413E6 /* Debug */ = {
			isa = XCBuildConfiguration;
			buildSettings = {
				ASSETCATALOG_COMPILER_APPICON_NAME = AppIcon;
				CLANG_ENABLE_OBJC_ARC = NO;
				INFOPLIST_FILE = DrawingBoard/Info.plist;
				IPHONEOS_DEPLOYMENT_TARGET = 8.0;
				LD_RUNPATH_SEARCH_PATHS = "$(inherited) @executable_path/Frameworks";
				PRODUCT_NAME = "$(TARGET_NAME)";
			};
			name = Debug;
		};
		E5CE60331A0C742D006413E6 /* Release */ = {
			isa = XCBuildConfiguration;
			buildSettings = {
				ASSETCATALOG_COMPILER_APPICON_NAME = AppIcon;
				CLANG_ENABLE_OBJC_ARC = NO;
				INFOPLIST_FILE = DrawingBoard/Info.plist;
				IPHONEOS_DEPLOYMENT_TARGET = 8.0;
				LD_RUNPATH_SEARCH_PATHS = "$(inherited) @executable_path/Frameworks";
				PRODUCT_NAME = "$(TARGET_NAME)";
			};
			name = Release;
		};
		E5CE60351A0C742D006413E6 /* Debug */ = {
			isa = XCBuildConfiguration;
			buildSettings = {
				BUNDLE_LOADER = "$(TEST_HOST)";
				FRAMEWORK_SEARCH_PATHS = (
					"$(SDKROOT)/Developer/Library/Frameworks",
					"$(inherited)",
				);
				GCC_PREPROCESSOR_DEFINITIONS = (
					"DEBUG=1",
					"$(inherited)",
				);
				INFOPLIST_FILE = DrawingBoardTests/Info.plist;
				LD_RUNPATH_SEARCH_PATHS = "$(inherited) @executable_path/Frameworks @loader_path/Frameworks";
				PRODUCT_NAME = "$(TARGET_NAME)";
				TEST_HOST = "$(BUILT_PRODUCTS_DIR)/DrawingBoard.app/DrawingBoard";
			};
			name = Debug;
		};
		E5CE60361A0C742D006413E6 /* Release */ = {
			isa = XCBuildConfiguration;
			buildSettings = {
				BUNDLE_LOADER = "$(TEST_HOST)";
				FRAMEWORK_SEARCH_PATHS = (
					"$(SDKROOT)/Developer/Library/Frameworks",
					"$(inherited)",
				);
				INFOPLIST_FILE = DrawingBoardTests/Info.plist;
				LD_RUNPATH_SEARCH_PATHS = "$(inherited) @executable_path/Frameworks @loader_path/Frameworks";
				PRODUCT_NAME = "$(TARGET_NAME)";
				TEST_HOST = "$(BUILT_PRODUCTS_DIR)/DrawingBoard.app/DrawingBoard";
			};
			name = Release;
		};
/* End XCBuildConfiguration section */

/* Begin XCConfigurationList section */
		E5CE60091A0C742D006413E6 /* Build configuration list for PBXProject "DrawingBoard" */ = {
			isa = XCConfigurationList;
			buildConfigurations = (
				E5CE602F1A0C742D006413E6 /* Debug */,
				E5CE60301A0C742D006413E6 /* Release */,
			);
			defaultConfigurationIsVisible = 0;
			defaultConfigurationName = Release;
		};
		E5CE60311A0C742D006413E6 /* Build configuration list for PBXNativeTarget "DrawingBoard" */ = {
			isa = XCConfigurationList;
			buildConfigurations = (
				E5CE60321A0C742D006413E6 /* Debug */,
				E5CE60331A0C742D006413E6 /* Release */,
			);
			defaultConfigurationIsVisible = 0;
			defaultConfigurationName = Release;
		};
		E5CE60341A0C742D006413E6 /* Build configuration list for PBXNativeTarget "DrawingBoardTests" */ = {
			isa = XCConfigurationList;
			buildConfigurations = (
				E5CE60351A0C742D006413E6 /* Debug */,
				E5CE60361A0C742D006413E6 /* Release */,
			);
			defaultConfigurationIsVisible = 0;
			defaultConfigurationName = Release;
		};
/* End XCConfigurationList section */
	};
	rootObject = E5CE60061A0C742D006413E6 /* Project object */;
}
